
Microsoft Visual Studio Solution File, Format Version 12.00
# Visual Studio 15
VisualStudioVersion = 15.0.28307.329
MinimumVisualStudioVersion = 10.0.40219.1
Project("{8BC9CEB8-8B4A-11D0-8D11-00A0C91BC942}") = "OOP_Praktikum_3.0", "OOP_Praktikum_3.0\OOP_Praktikum_3.0.vcxproj", "{DCDA3BC3-D2B7-4BED-B666-91E7BE3DB3EE}"
EndProject
Global
	GlobalSection(SolutionConfigurationPlatforms) = preSolution
		Debug|x64 = Debug|x64
		Debug|x86 = Debug|x86
		Release|x64 = Release|x64
		Release|x86 = Release|x86
	EndGlobalSection
	GlobalSection(ProjectConfigurationPlatforms) = postSolution
		{DCDA3BC3-D2B7-4BED-B666-91E7BE3DB3EE}.Debug|x64.ActiveCfg = Debug|x64
		{DCDA3BC3-D2B7-4BED-B666-91E7BE3DB3EE}.Debug|x64.Build.0 = Debug|x64
		{DCDA3BC3-D2B7-4BED-B666-91E7BE3DB3EE}.Debug|x86.ActiveCfg = Debug|Win32
		{DCDA3BC3-D2B7-4BED-B666-91E7BE3DB3EE}.Debug|x86.Build.0 = Debug|Win32
		{DCDA3BC3-D2B7-4BED-B666-91E7BE3DB3EE}.Release|x64.ActiveCfg = Release|x64
		{DCDA3BC3-D2B7-4BED-B666-91E7BE3DB3EE}.Release|x64.Build.0 = Release|x64
		{DCDA3BC3-D2B7-4BED-B666-91E7BE3DB3EE}.Release|x86.ActiveCfg = Release|Win32
		{DCDA3BC3-D2B7-4BED-B666-91E7BE3DB3EE}.Release|x86.Build.0 = Release|Win32
	EndGlobalSection
	GlobalSection(SolutionProperties) = preSolution
		HideSolutionNode = FALSE
	EndGlobalSection
	GlobalSection(ExtensibilityGlobals) = postSolution
		SolutionGuid = {D916BE05-FF58-4448-87E3-9F3E0F0AB08F}
	EndGlobalSection
EndGlobal
